# This file was autogenerated by Stack.
# You should not edit this file by hand.
# For more information, please see the documentation at:
#   https://docs.haskellstack.org/en/stable/lock_files

packages:
- completed:
    hackage: bv-little-1.1.1@sha256:52316b5a6099bf120f69656b88dfcfe6b2d722f868087ae4cccff4faee04d4c3,7452
    pantry-tree:
      sha256: d983c56e8264e45eed77c7cac044e7152e61a4af0bc9db8b4b02abc7c8ea9877
      size: 801
  original:
    hackage: bv-little-1.1.1
snapshots:
- completed:
    sha256: 1ecad1f0bd2c27de88dbff6572446cfdf647c615d58a7e2e2085c6b7dfc04176
    size: 619403
    url: https://raw.githubusercontent.com/commercialhaskell/stackage-snapshots/master/lts/19/27.yaml
  original: lts-19.27
